# This file is automatically @generated by Cargo.
# It is not intended for manual editing.
version = 3

[[package]]
name = "rockfetch"
version = "0.1.1"
dependencies = [
 "rs-release",
]

[[package]]
name = "rs-release"
version = "0.1.7"
source = "registry+https://github.com/rust-lang/crates.io-index"
checksum = "d4a874cf4a0b9bc283edaa65d81d62368b84b1a8e56196e4885ca4701fd49972"
